Microsoft Visual Studio Solution File, Format Version 12.00
# Visual Studio Version 17
VisualStudioVersion = 17.5.2.0
MinimumVisualStudioVersion = 10.0.40219.1
Project("{FAE04EC0-301F-11D3-BF4B-00C04F79EFBC}") = "program-5", "program-5.csproj", "{DB3B7837-8D0A-985B-CD26-93189A60EC3C}"
EndProject
Global
	GlobalSection(SolutionConfigurationPlatforms) = preSolution
		Debug|Any CPU = Debug|Any CPU
		Release|Any CPU = Release|Any CPU
	EndGlobalSection
	GlobalSection(ProjectConfigurationPlatforms) = postSolution
		{DB3B7837-8D0A-985B-CD26-93189A60EC3C}.Debug|Any CPU.ActiveCfg = Debug|Any CPU
		{DB3B7837-8D0A-985B-CD26-93189A60EC3C}.Debug|Any CPU.Build.0 = Debug|Any CPU
		{DB3B7837-8D0A-985B-CD26-93189A60EC3C}.Release|Any CPU.ActiveCfg = Release|Any CPU
		{DB3B7837-8D0A-985B-CD26-93189A60EC3C}.Release|Any CPU.Build.0 = Release|Any CPU
	EndGlobalSection
	GlobalSection(SolutionProperties) = preSolution
		HideSolutionNode = FALSE
	EndGlobalSection
	GlobalSection(ExtensibilityGlobals) = postSolution
		SolutionGuid = {06E04D9D-B12D-4A1B-8764-C6C21EDF71C3}
	EndGlobalSection
EndGlobal
